
Microsoft Visual Studio Solution File, Format Version 12.00
# Visual Studio Version 17
VisualStudioVersion = 17.0.31903.59
MinimumVisualStudioVersion = 10.0.40219.1
Project("{FAE04EC0-301F-11D3-BF4B-00C04F79EFBC}") = "console1", "console1.cmd\console1.csproj", "{19C6CB6E-A0C2-4134-BFC1-06B4C6912930}"
EndProject
Project("{FAE04EC0-301F-11D3-BF4B-00C04F79EFBC}") = "console1.test", "console1.test\console1.test.csproj", "{3F55C1E6-698F-43E3-AFD8-BEC2A3E71C82}"
EndProject
Global
	GlobalSection(SolutionConfigurationPlatforms) = preSolution
		Debug|Any CPU = Debug|Any CPU
		Release|Any CPU = Release|Any CPU
	EndGlobalSection
	GlobalSection(ProjectConfigurationPlatforms) = postSolution
		{19C6CB6E-A0C2-4134-BFC1-06B4C6912930}.Debug|Any CPU.ActiveCfg = Debug|Any CPU
		{19C6CB6E-A0C2-4134-BFC1-06B4C6912930}.Debug|Any CPU.Build.0 = Debug|Any CPU
		{19C6CB6E-A0C2-4134-BFC1-06B4C6912930}.Release|Any CPU.ActiveCfg = Release|Any CPU
		{19C6CB6E-A0C2-4134-BFC1-06B4C6912930}.Release|Any CPU.Build.0 = Release|Any CPU
		{3F55C1E6-698F-43E3-AFD8-BEC2A3E71C82}.Debug|Any CPU.ActiveCfg = Debug|Any CPU
		{3F55C1E6-698F-43E3-AFD8-BEC2A3E71C82}.Debug|Any CPU.Build.0 = Debug|Any CPU
		{3F55C1E6-698F-43E3-AFD8-BEC2A3E71C82}.Release|Any CPU.ActiveCfg = Release|Any CPU
		{3F55C1E6-698F-43E3-AFD8-BEC2A3E71C82}.Release|Any CPU.Build.0 = Release|Any CPU
	EndGlobalSection
	GlobalSection(SolutionProperties) = preSolution
		HideSolutionNode = FALSE
	EndGlobalSection
EndGlobal
